// !$*UTF8*$!
{
	archiveVersion = 1;
	classes = {
	};
	objectVersion = 77;
	objects = {

/* Begin PBXBuildFile section */
		BD15512D3075FDB5004D0C6D /* PitStopModel.xcdatamodeld in Sources */ = {isa = PBXBuildFile; fileRef = BD15512B3075FDB5004D0C6D /* PitStopModel.xcdatamodeld */; };
		BD15513830761D71004D0C6D /* WidgetKit.framework in Frameworks */ = {isa = PBXBuildFile; fileRef = BD15513730761D71004D0C6D /* WidgetKit.framework */; };
		BD15513A30761D71004D0C6D /* SwiftUI.framework in Frameworks */ = {isa = PBXBuildFile; fileRef = BD15513930761D71004D0C6D /* SwiftUI.framework */; };
		BD15514530761D73004D0C6D /* PitStopWidgetExtension.appex in Embed Foundation Extensions */ = {isa = PBXBuildFile; fileRef = BD15513530761D71004D0C6D /* PitStopWidgetExtension.appex */; settings = {ATTRIBUTES = (RemoveHeadersOnCopy, ); }; };
		BD15515730762474004D0C6D /* UserNotifications.framework in Frameworks */ = {isa = PBXBuildFile; fileRef = BD15515630762474004D0C6D /* UserNotifications.framework */; };
		BD15515930762474004D0C6D /* UserNotificationsUI.framework in Frameworks */ = {isa = PBXBuildFile; fileRef = BD15515830762474004D0C6D /* UserNotificationsUI.framework */; };
		BD15516330762474004D0C6D /* PitStopNotification.appex in Embed Foundation Extensions */ = {isa = PBXBuildFile; fileRef = BD15515530762474004D0C6D /* PitStopNotification.appex */; settings = {ATTRIBUTES = (RemoveHeadersOnCopy, ); }; };
/* End PBXBuildFile section */

/* Begin PBXContainerItemProxy section */
		BD0FCCEF306F3A140046CFBB /* PBXContainerItemProxy */ = {
			isa = PBXContainerItemProxy;
			containerPortal = BD0FCCD9306F3A110046CFBB /* Project object */;
			proxyType = 1;
			remoteGlobalIDString = BD0FCCE0306F3A110046CFBB;
			remoteInfo = PitStop;
		};
		BD0FCCF9306F3A140046CFBB /* PBXContainerItemProxy */ = {
			isa = PBXContainerItemProxy;
			containerPortal = BD0FCCD9306F3A110046CFBB /* Project object */;
			proxyType = 1;
			remoteGlobalIDString = BD0FCCE0306F3A110046CFBB;
			remoteInfo = PitStop;
		};
		BD15514330761D73004D0C6D /* PBXContainerItemProxy */ = {
			isa = PBXContainerItemProxy;
			containerPortal = BD0FCCD9306F3A110046CFBB /* Project object */;
			proxyType = 1;
			remoteGlobalIDString = BD15513430761D71004D0C6D;
			remoteInfo = PitStopWidgetExtension;
		};
		BD15516130762474004D0C6D /* PBXContainerItemProxy */ = {
			isa = PBXContainerItemProxy;
			containerPortal = BD0FCCD9306F3A110046CFBB /* Project object */;
			proxyType = 1;
			remoteGlobalIDString = BD15515430762474004D0C6D;
			remoteInfo = PitStopNotification;
		};
/* End PBXContainerItemProxy section */

/* Begin PBXCopyFilesBuildPhase section */
		BD15514A30761D73004D0C6D /* Embed Foundation Extensions */ = {
			isa = PBXCopyFilesBuildPhase;
			buildActionMask = 2147483647;
			dstPath = "";
			dstSubfolderSpec = 13;
			files = (
				BD15514530761D73004D0C6D /* PitStopWidgetExtension.appex in Embed Foundation Extensions */,
				BD15516330762474004D0C6D /* PitStopNotification.appex in Embed Foundation Extensions */,
			);
			name = "Embed Foundation Extensions";
			runOnlyForDeploymentPostprocessing = 0;
		};
/* End PBXCopyFilesBuildPhase section */

/* Begin PBXFileReference section */
		BD0FCCE1306F3A110046CFBB /* PitStop.app */ = {isa = PBXFileReference; explicitFileType = wrapper.application; includeInIndex = 0; path = PitStop.app; sourceTree = BUILT_PRODUCTS_DIR; };
		BD0FCCEE306F3A140046CFBB /* PitStopTests.xctest */ = {isa = PBXFileReference; explicitFileType = wrapper.cfbundle; includeInIndex = 0; path = PitStopTests.xctest; sourceTree = BUILT_PRODUCTS_DIR; };
		BD0FCCF8306F3A140046CFBB /* PitStopUITests.xctest */ = {isa = PBXFileReference; explicitFileType = wrapper.cfbundle; includeInIndex = 0; path = PitStopUITests.xctest; sourceTree = BUILT_PRODUCTS_DIR; };
		BD15512C3075FDB5004D0C6D /* PitStopModel.xcdatamodel */ = {isa = PBXFileReference; lastKnownFileType = wrapper.xcdatamodel; path = PitStopModel.xcdatamodel; sourceTree = "<group>"; };
		BD15513530761D71004D0C6D /* PitStopWidgetExtension.appex */ = {isa = PBXFileReference; explicitFileType = "wrapper.app-extension"; includeInIndex = 0; path = PitStopWidgetExtension.appex; sourceTree = BUILT_PRODUCTS_DIR; };
		BD15513730761D71004D0C6D /* WidgetKit.framework */ = {isa = PBXFileReference; lastKnownFileType = wrapper.framework; name = WidgetKit.framework; path = System/Library/Frameworks/WidgetKit.framework; sourceTree = SDKROOT; };
		BD15513930761D71004D0C6D /* SwiftUI.framework */ = {isa = PBXFileReference; lastKnownFileType = wrapper.framework; name = SwiftUI.framework; path = System/Library/Frameworks/SwiftUI.framework; sourceTree = SDKROOT; };
		BD15515530762474004D0C6D /* PitStopNotification.appex */ = {isa = PBXFileReference; explicitFileType = "wrapper.app-extension"; includeInIndex = 0; path = PitStopNotification.appex; sourceTree = BUILT_PRODUCTS_DIR; };
		BD15515630762474004D0C6D /* UserNotifications.framework */ = {isa = PBXFileReference; lastKnownFileType = wrapper.framework; name = UserNotifications.framework; path = System/Library/Frameworks/UserNotifications.framework; sourceTree = SDKROOT; };
		BD15515830762474004D0C6D /* UserNotificationsUI.framework */ = {isa = PBXFileReference; lastKnownFileType = wrapper.framework; name = UserNotificationsUI.framework; path = System/Library/Frameworks/UserNotificationsUI.framework; sourceTree = SDKROOT; };
		BD15516E30762A9F004D0C6D /* PitStopWidgetExtension.entitlements */ = {isa = PBXFileReference; lastKnownFileType = text.plist.entitlements; path = PitStopWidgetExtension.entitlements; sourceTree = "<group>"; };
/* End PBXFileReference section */

/* Begin PBXFileSystemSynchronizedBuildFileExceptionSet section */
		BD15514630761D73004D0C6D /* Exceptions for "PitStopWidget" folder in "PitStopWidgetExtension" target */ = {
			isa = PBXFileSystemSynchronizedBuildFileExceptionSet;
			membershipExceptions = (
				Info.plist,
			);
			target = BD15513430761D71004D0C6D /* PitStopWidgetExtension */;
		};
		BD15514E30762198004D0C6D /* Exceptions for "PitStop" folder in "PitStopWidgetExtension" target */ = {
			isa = PBXFileSystemSynchronizedBuildFileExceptionSet;
			membershipExceptions = (
				Models/ServiceLevel.swift,
				Shared/AppGroup.swift,
				Shared/SharedDataManager.swift,
			);
			target = BD15513430761D71004D0C6D /* PitStopWidgetExtension */;
		};
		BD15516430762474004D0C6D /* Exceptions for "PitStopNotification" folder in "PitStopNotification" target */ = {
			isa = PBXFileSystemSynchronizedBuildFileExceptionSet;
			membershipExceptions = (
				Info.plist,
			);
			target = BD15515430762474004D0C6D /* PitStopNotification */;
		};
		BD15516B30762735004D0C6D /* Exceptions for "PitStop" folder in "PitStopNotification" target */ = {
			isa = PBXFileSystemSynchronizedBuildFileExceptionSet;
			membershipExceptions = (
				Models/ServiceLevel.swift,
			);
			target = BD15515430762474004D0C6D /* PitStopNotification */;
		};
/* End PBXFileSystemSynchronizedBuildFileExceptionSet section */

/* Begin PBXFileSystemSynchronizedRootGroup section */
		BD0FCCE3306F3A110046CFBB /* PitStop */ = {
			isa = PBXFileSystemSynchronizedRootGroup;
			exceptions = (
				BD15514E30762198004D0C6D /* Exceptions for "PitStop" folder in "PitStopWidgetExtension" target */,
				BD15516B30762735004D0C6D /* Exceptions for "PitStop" folder in "PitStopNotification" target */,
			);
			path = PitStop;
			sourceTree = "<group>";
		};
		BD0FCCF1306F3A140046CFBB /* PitStopTests */ = {
			isa = PBXFileSystemSynchronizedRootGroup;
			path = PitStopTests;
			sourceTree = "<group>";
		};
		BD0FCCFB306F3A140046CFBB /* PitStopUITests */ = {
			isa = PBXFileSystemSynchronizedRootGroup;
			path = PitStopUITests;
			sourceTree = "<group>";
		};
		BD15513B30761D71004D0C6D /* PitStopWidget */ = {
			isa = PBXFileSystemSynchronizedRootGroup;
			exceptions = (
				BD15514630761D73004D0C6D /* Exceptions for "PitStopWidget" folder in "PitStopWidgetExtension" target */,
			);
			path = PitStopWidget;
			sourceTree = "<group>";
		};
		BD15515A30762474004D0C6D /* PitStopNotification */ = {
			isa = PBXFileSystemSynchronizedRootGroup;
			exceptions = (
				BD15516430762474004D0C6D /* Exceptions for "PitStopNotification" folder in "PitStopNotification" target */,
			);
			path = PitStopNotification;
			sourceTree = "<group>";
		};
/* End PBXFileSystemSynchronizedRootGroup section */

/* Begin PBXFrameworksBuildPhase section */
		BD0FCCDE306F3A110046CFBB /* Frameworks */ = {
			isa = PBXFrameworksBuildPhase;
			buildActionMask = 2147483647;
			files = (
			);
			runOnlyForDeploymentPostprocessing = 0;
		};
		BD0FCCEB306F3A140046CFBB /* Frameworks */ = {
			isa = PBXFrameworksBuildPhase;
			buildActionMask = 2147483647;
			files = (
			);
			runOnlyForDeploymentPostprocessing = 0;
		};
		BD0FCCF5306F3A140046CFBB /* Frameworks */ = {
			isa = PBXFrameworksBuildPhase;
			buildActionMask = 2147483647;
			files = (
			);
			runOnlyForDeploymentPostprocessing = 0;
		};
		BD15513230761D71004D0C6D /* Frameworks */ = {
			isa = PBXFrameworksBuildPhase;
			buildActionMask = 2147483647;
			files = (
				BD15513A30761D71004D0C6D /* SwiftUI.framework in Frameworks */,
				BD15513830761D71004D0C6D /* WidgetKit.framework in Frameworks */,
			);
			runOnlyForDeploymentPostprocessing = 0;
		};
		BD15515230762474004D0C6D /* Frameworks */ = {
			isa = PBXFrameworksBuildPhase;
			buildActionMask = 2147483647;
			files = (
				BD15515930762474004D0C6D /* UserNotificationsUI.framework in Frameworks */,
				BD15515730762474004D0C6D /* UserNotifications.framework in Frameworks */,
			);
			runOnlyForDeploymentPostprocessing = 0;
		};
/* End PBXFrameworksBuildPhase section */

/* Begin PBXGroup section */
		BD0FCCD8306F3A110046CFBB = {
			isa = PBXGroup;
			children = (
				BD15516E30762A9F004D0C6D /* PitStopWidgetExtension.entitlements */,
				BD15512B3075FDB5004D0C6D /* PitStopModel.xcdatamodeld */,
				BD0FCCE3306F3A110046CFBB /* PitStop */,
				BD0FCCF1306F3A140046CFBB /* PitStopTests */,
				BD0FCCFB306F3A140046CFBB /* PitStopUITests */,
				BD15513B30761D71004D0C6D /* PitStopWidget */,
				BD15515A30762474004D0C6D /* PitStopNotification */,
				BD15513630761D71004D0C6D /* Frameworks */,
				BD0FCCE2306F3A110046CFBB /* Products */,
			);
			sourceTree = "<group>";
		};
		BD0FCCE2306F3A110046CFBB /* Products */ = {
			isa = PBXGroup;
			children = (
				BD0FCCE1306F3A110046CFBB /* PitStop.app */,
				BD0FCCEE306F3A140046CFBB /* PitStopTests.xctest */,
				BD0FCCF8306F3A140046CFBB /* PitStopUITests.xctest */,
				BD15513530761D71004D0C6D /* PitStopWidgetExtension.appex */,
				BD15515530762474004D0C6D /* PitStopNotification.appex */,
			);
			name = Products;
			sourceTree = "<group>";
		};
		BD15513630761D71004D0C6D /* Frameworks */ = {
			isa = PBXGroup;
			children = (
				BD15513730761D71004D0C6D /* WidgetKit.framework */,
				BD15513930761D71004D0C6D /* SwiftUI.framework */,
				BD15515630762474004D0C6D /* UserNotifications.framework */,
				BD15515830762474004D0C6D /* UserNotificationsUI.framework */,
			);
			name = Frameworks;
			sourceTree = "<group>";
		};
/* End PBXGroup section */

/* Begin PBXNativeTarget section */
		BD0FCCE0306F3A110046CFBB /* PitStop */ = {
			isa = PBXNativeTarget;
			buildConfigurationList = BD0FCD02306F3A140046CFBB /* Build configuration list for PBXNativeTarget "PitStop" */;
			buildPhases = (
				BD0FCCDD306F3A110046CFBB /* Sources */,
				BD0FCCDE306F3A110046CFBB /* Frameworks */,
				BD0FCCDF306F3A110046CFBB /* Resources */,
				BD15514A30761D73004D0C6D /* Embed Foundation Extensions */,
			);
			buildRules = (
			);
			dependencies = (
				BD15514430761D73004D0C6D /* PBXTargetDependency */,
				BD15516230762474004D0C6D /* PBXTargetDependency */,
			);
			fileSystemSynchronizedGroups = (
				BD0FCCE3306F3A110046CFBB /* PitStop */,
			);
			name = PitStop;
			packageProductDependencies = (
			);
			productName = PitStop;
			productReference = BD0FCCE1306F3A110046CFBB /* PitStop.app */;
			productType = "com.apple.product-type.application";
		};
		BD0FCCED306F3A140046CFBB /* PitStopTests */ = {
			isa = PBXNativeTarget;
			buildConfigurationList = BD0FCD05306F3A140046CFBB /* Build configuration list for PBXNativeTarget "PitStopTests" */;
			buildPhases = (
				BD0FCCEA306F3A140046CFBB /* Sources */,
				BD0FCCEB306F3A140046CFBB /* Frameworks */,
				BD0FCCEC306F3A140046CFBB /* Resources */,
			);
			buildRules = (
			);
			dependencies = (
				BD0FCCF0306F3A140046CFBB /* PBXTargetDependency */,
			);
			fileSystemSynchronizedGroups = (
				BD0FCCF1306F3A140046CFBB /* PitStopTests */,
			);
			name = PitStopTests;
			packageProductDependencies = (
			);
			productName = PitStopTests;
			productReference = BD0FCCEE306F3A140046CFBB /* PitStopTests.xctest */;
			productType = "com.apple.product-type.bundle.unit-test";
		};
		BD0FCCF7306F3A140046CFBB /* PitStopUITests */ = {
			isa = PBXNativeTarget;
			buildConfigurationList = BD0FCD08306F3A140046CFBB /* Build configuration list for PBXNativeTarget "PitStopUITests" */;
			buildPhases = (
				BD0FCCF4306F3A140046CFBB /* Sources */,
				BD0FCCF5306F3A140046CFBB /* Frameworks */,
				BD0FCCF6306F3A140046CFBB /* Resources */,
			);
			buildRules = (
			);
			dependencies = (
				BD0FCCFA306F3A140046CFBB /* PBXTargetDependency */,
			);
			fileSystemSynchronizedGroups = (
				BD0FCCFB306F3A140046CFBB /* PitStopUITests */,
			);
			name = PitStopUITests;
			packageProductDependencies = (
			);
			productName = PitStopUITests;
			productReference = BD0FCCF8306F3A140046CFBB /* PitStopUITests.xctest */;
			productType = "com.apple.product-type.bundle.ui-testing";
		};
		BD15513430761D71004D0C6D /* PitStopWidgetExtension */ = {
			isa = PBXNativeTarget;
			buildConfigurationList = BD15514730761D73004D0C6D /* Build configuration list for PBXNativeTarget "PitStopWidgetExtension" */;
			buildPhases = (
				BD15513130761D71004D0C6D /* Sources */,
				BD15513230761D71004D0C6D /* Frameworks */,
				BD15513330761D71004D0C6D /* Resources */,
			);
			buildRules = (
			);
			dependencies = (
			);
			fileSystemSynchronizedGroups = (
				BD15513B30761D71004D0C6D /* PitStopWidget */,
			);
			name = PitStopWidgetExtension;
			packageProductDependencies = (
			);
			productName = PitStopWidgetExtension;
			productReference = BD15513530761D71004D0C6D /* PitStopWidgetExtension.appex */;
			productType = "com.apple.product-type.app-extension";
		};
		BD15515430762474004D0C6D /* PitStopNotification */ = {
			isa = PBXNativeTarget;
			buildConfigurationList = BD15516530762474004D0C6D /* Build configuration list for PBXNativeTarget "PitStopNotification" */;
			buildPhases = (
				BD15515130762474004D0C6D /* Sources */,
				BD15515230762474004D0C6D /* Frameworks */,
				BD15515330762474004D0C6D /* Resources */,
			);
			buildRules = (
			);
			dependencies = (
			);
			fileSystemSynchronizedGroups = (
				BD15515A30762474004D0C6D /* PitStopNotification */,
			);
			name = PitStopNotification;
			packageProductDependencies = (
			);
			productName = PitStopNotification;
			productReference = BD15515530762474004D0C6D /* PitStopNotification.appex */;
			productType = "com.apple.product-type.app-extension";
		};
/* End PBXNativeTarget section */

/* Begin PBXProject section */
		BD0FCCD9306F3A110046CFBB /* Project object */ = {
			isa = PBXProject;
			attributes = {
				BuildIndependentTargetsInParallel = 1;
				LastSwiftUpdateCheck = 2620;
				LastUpgradeCheck = 2620;
				TargetAttributes = {
					BD0FCCE0306F3A110046CFBB = {
						CreatedOnToolsVersion = 26.2;
					};
					BD0FCCED306F3A140046CFBB = {
						CreatedOnToolsVersion = 26.2;
						TestTargetID = BD0FCCE0306F3A110046CFBB;
					};
					BD0FCCF7306F3A140046CFBB = {
						CreatedOnToolsVersion = 26.2;
						TestTargetID = BD0FCCE0306F3A110046CFBB;
					};
					BD15513430761D71004D0C6D = {
						CreatedOnToolsVersion = 26.2;
					};
					BD15515430762474004D0C6D = {
						CreatedOnToolsVersion = 26.2;
					};
				};
			};
			buildConfigurationList = BD0FCCDC306F3A110046CFBB /* Build configuration list for PBXProject "PitStop" */;
			developmentRegion = en;
			hasScannedForEncodings = 0;
			knownRegions = (
				en,
				Base,
			);
			mainGroup = BD0FCCD8306F3A110046CFBB;
			minimizedProjectReferenceProxies = 1;
			preferredProjectObjectVersion = 77;
			productRefGroup = BD0FCCE2306F3A110046CFBB /* Products */;
			projectDirPath = "";
			projectRoot = "";
			targets = (
				BD0FCCE0306F3A110046CFBB /* PitStop */,
				BD0FCCED306F3A140046CFBB /* PitStopTests */,
				BD0FCCF7306F3A140046CFBB /* PitStopUITests */,
				BD15513430761D71004D0C6D /* PitStopWidgetExtension */,
				BD15515430762474004D0C6D /* PitStopNotification */,
			);
		};
/* End PBXProject section */

/* Begin PBXResourcesBuildPhase section */
		BD0FCCDF306F3A110046CFBB /* Resources */ = {
			isa = PBXResourcesBuildPhase;
			buildActionMask = 2147483647;
			files = (
			);
			runOnlyForDeploymentPostprocessing = 0;
		};
		BD0FCCEC306F3A140046CFBB /* Resources */ = {
			isa = PBXResourcesBuildPhase;
			buildActionMask = 2147483647;
			files = (
			);
			runOnlyForDeploymentPostprocessing = 0;
		};
		BD0FCCF6306F3A140046CFBB /* Resources */ = {
			isa = PBXResourcesBuildPhase;
			buildActionMask = 2147483647;
			files = (
			);
			runOnlyForDeploymentPostprocessing = 0;
		};
		BD15513330761D71004D0C6D /* Resources */ = {
			isa = PBXResourcesBuildPhase;
			buildActionMask = 2147483647;
			files = (
			);
			runOnlyForDeploymentPostprocessing = 0;
		};
		BD15515330762474004D0C6D /* Resources */ = {
			isa = PBXResourcesBuildPhase;
			buildActionMask = 2147483647;
			files = (
			);
			runOnlyForDeploymentPostprocessing = 0;
		};
/* End PBXResourcesBuildPhase section */

/* Begin PBXSourcesBuildPhase section */
		BD0FCCDD306F3A110046CFBB /* Sources */ = {
			isa = PBXSourcesBuildPhase;
			buildActionMask = 2147483647;
			files = (
				BD15512D3075FDB5004D0C6D /* PitStopModel.xcdatamodeld in Sources */,
			);
			runOnlyForDeploymentPostprocessing = 0;
		};
		BD0FCCEA306F3A140046CFBB /* Sources */ = {
			isa = PBXSourcesBuildPhase;
			buildActionMask = 2147483647;
			files = (
			);
			runOnlyForDeploymentPostprocessing = 0;
		};
		BD0FCCF4306F3A140046CFBB /* Sources */ = {
			isa = PBXSourcesBuildPhase;
			buildActionMask = 2147483647;
			files = (
			);
			runOnlyForDeploymentPostprocessing = 0;
		};
		BD15513130761D71004D0C6D /* Sources */ = {
			isa = PBXSourcesBuildPhase;
			buildActionMask = 2147483647;
			files = (
			);
			runOnlyForDeploymentPostprocessing = 0;
		};
		BD15515130762474004D0C6D /* Sources */ = {
			isa = PBXSourcesBuildPhase;
			buildActionMask = 2147483647;
			files = (
			);
			runOnlyForDeploymentPostprocessing = 0;
		};
/* End PBXSourcesBuildPhase section */

/* Begin PBXTargetDependency section */
		BD0FCCF0306F3A140046CFBB /* PBXTargetDependency */ = {
			isa = PBXTargetDependency;
			target = BD0FCCE0306F3A110046CFBB /* PitStop */;
			targetProxy = BD0FCCEF306F3A140046CFBB /* PBXContainerItemProxy */;
		};
		BD0FCCFA306F3A140046CFBB /* PBXTargetDependency */ = {
			isa = PBXTargetDependency;
			target = BD0FCCE0306F3A110046CFBB /* PitStop */;
			targetProxy = BD0FCCF9306F3A140046CFBB /* PBXContainerItemProxy */;
		};
		BD15514430761D73004D0C6D /* PBXTargetDependency */ = {
			isa = PBXTargetDependency;
			target = BD15513430761D71004D0C6D /* PitStopWidgetExtension */;
			targetProxy = BD15514330761D73004D0C6D /* PBXContainerItemProxy */;
		};
		BD15516230762474004D0C6D /* PBXTargetDependency */ = {
			isa = PBXTargetDependency;
			target = BD15515430762474004D0C6D /* PitStopNotification */;
			targetProxy = BD15516130762474004D0C6D /* PBXContainerItemProxy */;
		};
/* End PBXTargetDependency section */

/* Begin XCBuildConfiguration section */
		BD0FCD00306F3A140046CFBB /* Debug */ = {
			isa = XCBuildConfiguration;
			buildSettings = {
				ALWAYS_SEARCH_USER_PATHS = NO;
				ASSETCATALOG_COMPILER_GENERATE_SWIFT_ASSET_SYMBOL_EXTENSIONS = YES;
				CLANG_ANALYZER_NONNULL = YES;
				CLANG_ANALYZER_NUMBER_OBJECT_CONVERSION = YES_AGGRESSIVE;
				CLANG_CXX_LANGUAGE_STANDARD = "gnu++20";
				CLANG_ENABLE_MODULES = YES;
				CLANG_ENABLE_OBJC_ARC = YES;
				CLANG_ENABLE_OBJC_WEAK = YES;
				CLANG_WARN_BLOCK_CAPTURE_AUTORELEASING = YES;
				CLANG_WARN_BOOL_CONVERSION = YES;
				CLANG_WARN_COMMA = YES;
				CLANG_WARN_CONSTANT_CONVERSION = YES;
				CLANG_WARN_DEPRECATED_OBJC_IMPLEMENTATIONS = YES;
				CLANG_WARN_DIRECT_OBJC_ISA_USAGE = YES_ERROR;
				CLANG_WARN_DOCUMENTATION_COMMENTS = YES;
				CLANG_WARN_EMPTY_BODY = YES;
				CLANG_WARN_ENUM_CONVERSION = YES;
				CLANG_WARN_INFINITE_RECURSION = YES;
				CLANG_WARN_INT_CONVERSION = YES;
				CLANG_WARN_NON_LITERAL_NULL_CONVERSION = YES;
				CLANG_WARN_OBJC_IMPLICIT_RETAIN_SELF = YES;
				CLANG_WARN_OBJC_LITERAL_CONVERSION = YES;
				CLANG_WARN_OBJC_ROOT_CLASS = YES_ERROR;
				CLANG_WARN_QUOTED_INCLUDE_IN_FRAMEWORK_HEADER = YES;
				CLANG_WARN_RANGE_LOOP_ANALYSIS = YES;
				CLANG_WARN_STRICT_PROTOTYPES = YES;
				CLANG_WARN_SUSPICIOUS_MOVE = YES;
				CLANG_WARN_UNGUARDED_AVAILABILITY = YES_AGGRESSIVE;
				CLANG_WARN_UNREACHABLE_CODE = YES;
				CLANG_WARN__DUPLICATE_METHOD_MATCH = YES;
				COPY_PHASE_STRIP = NO;
				DEBUG_INFORMATION_FORMAT = dwarf;
				ENABLE_STRICT_OBJC_MSGSEND = YES;
				ENABLE_TESTABILITY = YES;
				ENABLE_USER_SCRIPT_SANDBOXING = YES;
				GCC_C_LANGUAGE_STANDARD = gnu17;
				GCC_DYNAMIC_NO_PIC = NO;
				GCC_NO_COMMON_BLOCKS = YES;
				GCC_OPTIMIZATION_LEVEL = 0;
				GCC_PREPROCESSOR_DEFINITIONS = (
					"DEBUG=1",
					"$(inherited)",
				);
				GCC_WARN_64_TO_32_BIT_CONVERSION = YES;
				GCC_WARN_ABOUT_RETURN_TYPE = YES_ERROR;
				GCC_WARN_UNDECLARED_SELECTOR = YES;
				GCC_WARN_UNINITIALIZED_AUTOS = YES_AGGRESSIVE;
				GCC_WARN_UNUSED_FUNCTION = YES;
				GCC_WARN_UNUSED_VARIABLE = YES;
				IPHONEOS_DEPLOYMENT_TARGET = 26.2;
				LOCALIZATION_PREFERS_STRING_CATALOGS = YES;
				MTL_ENABLE_DEBUG_INFO = INCLUDE_SOURCE;
				MTL_FAST_MATH = YES;
				ONLY_ACTIVE_ARCH = YES;
				SDKROOT = iphoneos;
				SWIFT_ACTIVE_COMPILATION_CONDITIONS = "DEBUG $(inherited)";
				SWIFT_OPTIMIZATION_LEVEL = "-Onone";
			};
			name = Debug;
		};
		BD0FCD01306F3A140046CFBB /* Release */ = {
			isa = XCBuildConfiguration;
			buildSettings = {
				ALWAYS_SEARCH_USER_PATHS = NO;
				ASSETCATALOG_COMPILER_GENERATE_SWIFT_ASSET_SYMBOL_EXTENSIONS = YES;
				CLANG_ANALYZER_NONNULL = YES;
				CLANG_ANALYZER_NUMBER_OBJECT_CONVERSION = YES_AGGRESSIVE;
				CLANG_CXX_LANGUAGE_STANDARD = "gnu++20";
				CLANG_ENABLE_MODULES = YES;
				CLANG_ENABLE_OBJC_ARC = YES;
				CLANG_ENABLE_OBJC_WEAK = YES;
				CLANG_WARN_BLOCK_CAPTURE_AUTORELEASING = YES;
				CLANG_WARN_BOOL_CONVERSION = YES;
				CLANG_WARN_COMMA = YES;
				CLANG_WARN_CONSTANT_CONVERSION = YES;
				CLANG_WARN_DEPRECATED_OBJC_IMPLEMENTATIONS = YES;
				CLANG_WARN_DIRECT_OBJC_ISA_USAGE = YES_ERROR;
				CLANG_WARN_DOCUMENTATION_COMMENTS = YES;
				CLANG_WARN_EMPTY_BODY = YES;
				CLANG_WARN_ENUM_CONVERSION = YES;
				CLANG_WARN_INFINITE_RECURSION = YES;
				CLANG_WARN_INT_CONVERSION = YES;
				CLANG_WARN_NON_LITERAL_NULL_CONVERSION = YES;
				CLANG_WARN_OBJC_IMPLICIT_RETAIN_SELF = YES;
				CLANG_WARN_OBJC_LITERAL_CONVERSION = YES;
				CLANG_WARN_OBJC_ROOT_CLASS = YES_ERROR;
				CLANG_WARN_QUOTED_INCLUDE_IN_FRAMEWORK_HEADER = YES;
				CLANG_WARN_RANGE_LOOP_ANALYSIS = YES;
				CLANG_WARN_STRICT_PROTOTYPES = YES;
				CLANG_WARN_SUSPICIOUS_MOVE = YES;
				CLANG_WARN_UNGUARDED_AVAILABILITY = YES_AGGRESSIVE;
				CLANG_WARN_UNREACHABLE_CODE = YES;
				CLANG_WARN__DUPLICATE_METHOD_MATCH = YES;
				COPY_PHASE_STRIP = NO;
				DEBUG_INFORMATION_FORMAT = "dwarf-with-dsym";
				ENABLE_NS_ASSERTIONS = NO;
				ENABLE_STRICT_OBJC_MSGSEND = YES;
				ENABLE_USER_SCRIPT_SANDBOXING = YES;
				GCC_C_LANGUAGE_STANDARD = gnu17;
				GCC_NO_COMMON_BLOCKS = YES;
				GCC_WARN_64_TO_32_BIT_CONVERSION = YES;
				GCC_WARN_ABOUT_RETURN_TYPE = YES_ERROR;
				GCC_WARN_UNDECLARED_SELECTOR = YES;
				GCC_WARN_UNINITIALIZED_AUTOS = YES_AGGRESSIVE;
				GCC_WARN_UNUSED_FUNCTION = YES;
				GCC_WARN_UNUSED_VARIABLE = YES;
				IPHONEOS_DEPLOYMENT_TARGET = 26.2;
				LOCALIZATION_PREFERS_STRING_CATALOGS = YES;
				MTL_ENABLE_DEBUG_INFO = NO;
				MTL_FAST_MATH = YES;
				SDKROOT = iphoneos;
				SWIFT_COMPILATION_MODE = wholemodule;
				VALIDATE_PRODUCT = YES;
			};
			name = Release;
		};
		BD0FCD03306F3A140046CFBB /* Debug */ = {
			isa = XCBuildConfiguration;
			buildSettings = {
				ASSETCATALOG_COMPILER_APPICON_NAME = AppIcon;
				ASSETCATALOG_COMPILER_GLOBAL_ACCENT_COLOR_NAME = AccentColor;
				CODE_SIGN_ENTITLEMENTS = PitStop/PitStop.entitlements;
				CODE_SIGN_STYLE = Automatic;
				CURRENT_PROJECT_VERSION = 1;
				DEVELOPMENT_TEAM = X2WPF37SQK;
				ENABLE_PREVIEWS = YES;
				GENERATE_INFOPLIST_FILE = YES;
				INFOPLIST_KEY_UIApplicationSceneManifest_Generation = YES;
				INFOPLIST_KEY_UIApplicationSupportsIndirectInputEvents = YES;
				INFOPLIST_KEY_UILaunchScreen_Generation = YES;
				INFOPLIST_KEY_UISupportedInterfaceOrientations_iPad = "UIInterfaceOrientationPortrait UIInterfaceOrientationPortraitUpsideDown UIInterfaceOrientationLandscapeLeft UIInterfaceOrientationLandscapeRight";
				INFOPLIST_KEY_UISupportedInterfaceOrientations_iPhone = "UIInterfaceOrientationPortrait UIInterfaceOrientationLandscapeLeft UIInterfaceOrientationLandscapeRight";
				LD_RUNPATH_SEARCH_PATHS = (
					"$(inherited)",
					"@executable_path/Frameworks",
				);
				MARKETING_VERSION = 1.0;
				PRODUCT_BUNDLE_IDENTIFIER = com.liren.PitStop;
				PRODUCT_NAME = "$(TARGET_NAME)";
				STRING_CATALOG_GENERATE_SYMBOLS = YES;
				SWIFT_APPROACHABLE_CONCURRENCY = YES;
				SWIFT_DEFAULT_ACTOR_ISOLATION = MainActor;
				SWIFT_EMIT_LOC_STRINGS = YES;
				SWIFT_UPCOMING_FEATURE_MEMBER_IMPORT_VISIBILITY = YES;
				SWIFT_VERSION = 5.0;
				TARGETED_DEVICE_FAMILY = "1,2";
			};
			name = Debug;
		};
		BD0FCD04306F3A140046CFBB /* Release */ = {
			isa = XCBuildConfiguration;
			buildSettings = {
				ASSETCATALOG_COMPILER_APPICON_NAME = AppIcon;
				ASSETCATALOG_COMPILER_GLOBAL_ACCENT_COLOR_NAME = AccentColor;
				CODE_SIGN_ENTITLEMENTS = PitStop/PitStop.entitlements;
				CODE_SIGN_STYLE = Automatic;
				CURRENT_PROJECT_VERSION = 1;
				DEVELOPMENT_TEAM = X2WPF37SQK;
				ENABLE_PREVIEWS = YES;
				GENERATE_INFOPLIST_FILE = YES;
				INFOPLIST_KEY_UIApplicationSceneManifest_Generation = YES;
				INFOPLIST_KEY_UIApplicationSupportsIndirectInputEvents = YES;
				INFOPLIST_KEY_UILaunchScreen_Generation = YES;
				INFOPLIST_KEY_UISupportedInterfaceOrientations_iPad = "UIInterfaceOrientationPortrait UIInterfaceOrientationPortraitUpsideDown UIInterfaceOrientationLandscapeLeft UIInterfaceOrientationLandscapeRight";
				INFOPLIST_KEY_UISupportedInterfaceOrientations_iPhone = "UIInterfaceOrientationPortrait UIInterfaceOrientationLandscapeLeft UIInterfaceOrientationLandscapeRight";
				LD_RUNPATH_SEARCH_PATHS = (
					"$(inherited)",
					"@executable_path/Frameworks",
				);
				MARKETING_VERSION = 1.0;
				PRODUCT_BUNDLE_IDENTIFIER = com.liren.PitStop;
				PRODUCT_NAME = "$(TARGET_NAME)";
				STRING_CATALOG_GENERATE_SYMBOLS = YES;
				SWIFT_APPROACHABLE_CONCURRENCY = YES;
				SWIFT_DEFAULT_ACTOR_ISOLATION = MainActor;
				SWIFT_EMIT_LOC_STRINGS = YES;
				SWIFT_UPCOMING_FEATURE_MEMBER_IMPORT_VISIBILITY = YES;
				SWIFT_VERSION = 5.0;
				TARGETED_DEVICE_FAMILY = "1,2";
			};
			name = Release;
		};
		BD0FCD06306F3A140046CFBB /* Debug */ = {
			isa = XCBuildConfiguration;
			buildSettings = {
				BUNDLE_LOADER = "$(TEST_HOST)";
				CODE_SIGN_STYLE = Automatic;
				CURRENT_PROJECT_VERSION = 1;
				GENERATE_INFOPLIST_FILE = YES;
				IPHONEOS_DEPLOYMENT_TARGET = 26.2;
				MARKETING_VERSION = 1.0;
				PRODUCT_BUNDLE_IDENTIFIER = com.liren.PitStopTests;
				PRODUCT_NAME = "$(TARGET_NAME)";
				STRING_CATALOG_GENERATE_SYMBOLS = NO;
				SWIFT_APPROACHABLE_CONCURRENCY = YES;
				SWIFT_EMIT_LOC_STRINGS = NO;
				SWIFT_UPCOMING_FEATURE_MEMBER_IMPORT_VISIBILITY = YES;
				SWIFT_VERSION = 5.0;
				TARGETED_DEVICE_FAMILY = "1,2";
				TEST_HOST = "$(BUILT_PRODUCTS_DIR)/PitStop.app/$(BUNDLE_EXECUTABLE_FOLDER_PATH)/PitStop";
			};
			name = Debug;
		};
		BD0FCD07306F3A140046CFBB /* Release */ = {
			isa = XCBuildConfiguration;
			buildSettings = {
				BUNDLE_LOADER = "$(TEST_HOST)";
				CODE_SIGN_STYLE = Automatic;
				CURRENT_PROJECT_VERSION = 1;
				GENERATE_INFOPLIST_FILE = YES;
				IPHONEOS_DEPLOYMENT_TARGET = 26.2;
				MARKETING_VERSION = 1.0;
				PRODUCT_BUNDLE_IDENTIFIER = com.liren.PitStopTests;
				PRODUCT_NAME = "$(TARGET_NAME)";
				STRING_CATALOG_GENERATE_SYMBOLS = NO;
				SWIFT_APPROACHABLE_CONCURRENCY = YES;
				SWIFT_EMIT_LOC_STRINGS = NO;
				SWIFT_UPCOMING_FEATURE_MEMBER_IMPORT_VISIBILITY = YES;
				SWIFT_VERSION = 5.0;
				TARGETED_DEVICE_FAMILY = "1,2";
				TEST_HOST = "$(BUILT_PRODUCTS_DIR)/PitStop.app/$(BUNDLE_EXECUTABLE_FOLDER_PATH)/PitStop";
			};
			name = Release;
		};
		BD0FCD09306F3A140046CFBB /* Debug */ = {
			isa = XCBuildConfiguration;
			buildSettings = {
				CODE_SIGN_STYLE = Automatic;
				CURRENT_PROJECT_VERSION = 1;
				GENERATE_INFOPLIST_FILE = YES;
				MARKETING_VERSION = 1.0;
				PRODUCT_BUNDLE_IDENTIFIER = com.liren.PitStopUITests;
				PRODUCT_NAME = "$(TARGET_NAME)";
				STRING_CATALOG_GENERATE_SYMBOLS = NO;
				SWIFT_APPROACHABLE_CONCURRENCY = YES;
				SWIFT_EMIT_LOC_STRINGS = NO;
				SWIFT_UPCOMING_FEATURE_MEMBER_IMPORT_VISIBILITY = YES;
				SWIFT_VERSION = 5.0;
				TARGETED_DEVICE_FAMILY = "1,2";
				TEST_TARGET_NAME = PitStop;
			};
			name = Debug;
		};
		BD0FCD0A306F3A140046CFBB /* Release */ = {
			isa = XCBuildConfiguration;
			buildSettings = {
				CODE_SIGN_STYLE = Automatic;
				CURRENT_PROJECT_VERSION = 1;
				GENERATE_INFOPLIST_FILE = YES;
				MARKETING_VERSION = 1.0;
				PRODUCT_BUNDLE_IDENTIFIER = com.liren.PitStopUITests;
				PRODUCT_NAME = "$(TARGET_NAME)";
				STRING_CATALOG_GENERATE_SYMBOLS = NO;
				SWIFT_APPROACHABLE_CONCURRENCY = YES;
				SWIFT_EMIT_LOC_STRINGS = NO;
				SWIFT_UPCOMING_FEATURE_MEMBER_IMPORT_VISIBILITY = YES;
				SWIFT_VERSION = 5.0;
				TARGETED_DEVICE_FAMILY = "1,2";
				TEST_TARGET_NAME = PitStop;
			};
			name = Release;
		};
		BD15514830761D73004D0C6D /* Debug */ = {
			isa = XCBuildConfiguration;
			buildSettings = {
				ASSETCATALOG_COMPILER_GLOBAL_ACCENT_COLOR_NAME = AccentColor;
				ASSETCATALOG_COMPILER_WIDGET_BACKGROUND_COLOR_NAME = WidgetBackground;
				CODE_SIGN_ENTITLEMENTS = PitStopWidgetExtension.entitlements;
				CODE_SIGN_STYLE = Automatic;
				CURRENT_PROJECT_VERSION = 1;
				DEVELOPMENT_TEAM = X2WPF37SQK;
				GENERATE_INFOPLIST_FILE = YES;
				INFOPLIST_FILE = PitStopWidget/Info.plist;
				INFOPLIST_KEY_CFBundleDisplayName = PitStopWidget;
				INFOPLIST_KEY_NSHumanReadableCopyright = "";
				LD_RUNPATH_SEARCH_PATHS = (
					"$(inherited)",
					"@executable_path/Frameworks",
					"@executable_path/../../Frameworks",
				);
				MARKETING_VERSION = 1.0;
				PRODUCT_BUNDLE_IDENTIFIER = com.liren.PitStop.PitStopWidget;
				PRODUCT_NAME = "$(TARGET_NAME)";
				SKIP_INSTALL = YES;
				STRING_CATALOG_GENERATE_SYMBOLS = YES;
				SWIFT_APPROACHABLE_CONCURRENCY = YES;
				SWIFT_EMIT_LOC_STRINGS = YES;
				SWIFT_UPCOMING_FEATURE_MEMBER_IMPORT_VISIBILITY = YES;
				SWIFT_VERSION = 5.0;
				TARGETED_DEVICE_FAMILY = "1,2";
			};
			name = Debug;
		};
		BD15514930761D73004D0C6D /* Release */ = {
			isa = XCBuildConfiguration;
			buildSettings = {
				ASSETCATALOG_COMPILER_GLOBAL_ACCENT_COLOR_NAME = AccentColor;
				ASSETCATALOG_COMPILER_WIDGET_BACKGROUND_COLOR_NAME = WidgetBackground;
				CODE_SIGN_ENTITLEMENTS = PitStopWidgetExtension.entitlements;
				CODE_SIGN_STYLE = Automatic;
				CURRENT_PROJECT_VERSION = 1;
				DEVELOPMENT_TEAM = X2WPF37SQK;
				GENERATE_INFOPLIST_FILE = YES;
				INFOPLIST_FILE = PitStopWidget/Info.plist;
				INFOPLIST_KEY_CFBundleDisplayName = PitStopWidget;
				INFOPLIST_KEY_NSHumanReadableCopyright = "";
				LD_RUNPATH_SEARCH_PATHS = (
					"$(inherited)",
					"@executable_path/Frameworks",
					"@executable_path/../../Frameworks",
				);
				MARKETING_VERSION = 1.0;
				PRODUCT_BUNDLE_IDENTIFIER = com.liren.PitStop.PitStopWidget;
				PRODUCT_NAME = "$(TARGET_NAME)";
				SKIP_INSTALL = YES;
				STRING_CATALOG_GENERATE_SYMBOLS = YES;
				SWIFT_APPROACHABLE_CONCURRENCY = YES;
				SWIFT_EMIT_LOC_STRINGS = YES;
				SWIFT_UPCOMING_FEATURE_MEMBER_IMPORT_VISIBILITY = YES;
				SWIFT_VERSION = 5.0;
				TARGETED_DEVICE_FAMILY = "1,2";
			};
			name = Release;
		};
		BD15516630762474004D0C6D /* Debug */ = {
			isa = XCBuildConfiguration;
			buildSettings = {
				CODE_SIGN_ENTITLEMENTS = PitStopNotification/PitStopNotification.entitlements;
				CODE_SIGN_STYLE = Automatic;
				CURRENT_PROJECT_VERSION = 1;
				DEVELOPMENT_TEAM = X2WPF37SQK;
				GENERATE_INFOPLIST_FILE = YES;
				INFOPLIST_FILE = PitStopNotification/Info.plist;
				INFOPLIST_KEY_CFBundleDisplayName = PitStopNotification;
				INFOPLIST_KEY_NSHumanReadableCopyright = "";
				LD_RUNPATH_SEARCH_PATHS = (
					"$(inherited)",
					"@executable_path/Frameworks",
					"@executable_path/../../Frameworks",
				);
				MARKETING_VERSION = 1.0;
				PRODUCT_BUNDLE_IDENTIFIER = com.liren.PitStop.PitStopNotification;
				PRODUCT_NAME = "$(TARGET_NAME)";
				SKIP_INSTALL = YES;
				STRING_CATALOG_GENERATE_SYMBOLS = YES;
				SWIFT_APPROACHABLE_CONCURRENCY = YES;
				SWIFT_EMIT_LOC_STRINGS = YES;
				SWIFT_UPCOMING_FEATURE_MEMBER_IMPORT_VISIBILITY = YES;
				SWIFT_VERSION = 5.0;
				TARGETED_DEVICE_FAMILY = "1,2";
			};
			name = Debug;
		};
		BD15516730762474004D0C6D /* Release */ = {
			isa = XCBuildConfiguration;
			buildSettings = {
				CODE_SIGN_ENTITLEMENTS = PitStopNotification/PitStopNotification.entitlements;
				CODE_SIGN_STYLE = Automatic;
				CURRENT_PROJECT_VERSION = 1;
				DEVELOPMENT_TEAM = X2WPF37SQK;
				GENERATE_INFOPLIST_FILE = YES;
				INFOPLIST_FILE = PitStopNotification/Info.plist;
				INFOPLIST_KEY_CFBundleDisplayName = PitStopNotification;
				INFOPLIST_KEY_NSHumanReadableCopyright = "";
				LD_RUNPATH_SEARCH_PATHS = (
					"$(inherited)",
					"@executable_path/Frameworks",
					"@executable_path/../../Frameworks",
				);
				MARKETING_VERSION = 1.0;
				PRODUCT_BUNDLE_IDENTIFIER = com.liren.PitStop.PitStopNotification;
				PRODUCT_NAME = "$(TARGET_NAME)";
				SKIP_INSTALL = YES;
				STRING_CATALOG_GENERATE_SYMBOLS = YES;
				SWIFT_APPROACHABLE_CONCURRENCY = YES;
				SWIFT_EMIT_LOC_STRINGS = YES;
				SWIFT_UPCOMING_FEATURE_MEMBER_IMPORT_VISIBILITY = YES;
				SWIFT_VERSION = 5.0;
				TARGETED_DEVICE_FAMILY = "1,2";
			};
			name = Release;
		};
/* End XCBuildConfiguration section */

/* Begin XCConfigurationList section */
		BD0FCCDC306F3A110046CFBB /* Build configuration list for PBXProject "PitStop" */ = {
			isa = XCConfigurationList;
			buildConfigurations = (
				BD0FCD00306F3A140046CFBB /* Debug */,
				BD0FCD01306F3A140046CFBB /* Release */,
			);
			defaultConfigurationIsVisible = 0;
			defaultConfigurationName = Release;
		};
		BD0FCD02306F3A140046CFBB /* Build configuration list for PBXNativeTarget "PitStop" */ = {
			isa = XCConfigurationList;
			buildConfigurations = (
				BD0FCD03306F3A140046CFBB /* Debug */,
				BD0FCD04306F3A140046CFBB /* Release */,
			);
			defaultConfigurationIsVisible = 0;
			defaultConfigurationName = Release;
		};
		BD0FCD05306F3A140046CFBB /* Build configuration list for PBXNativeTarget "PitStopTests" */ = {
			isa = XCConfigurationList;
			buildConfigurations = (
				BD0FCD06306F3A140046CFBB /* Debug */,
				BD0FCD07306F3A140046CFBB /* Release */,
			);
			defaultConfigurationIsVisible = 0;
			defaultConfigurationName = Release;
		};
		BD0FCD08306F3A140046CFBB /* Build configuration list for PBXNativeTarget "PitStopUITests" */ = {
			isa = XCConfigurationList;
			buildConfigurations = (
				BD0FCD09306F3A140046CFBB /* Debug */,
				BD0FCD0A306F3A140046CFBB /* Release */,
			);
			defaultConfigurationIsVisible = 0;
			defaultConfigurationName = Release;
		};
		BD15514730761D73004D0C6D /* Build configuration list for PBXNativeTarget "PitStopWidgetExtension" */ = {
			isa = XCConfigurationList;
			buildConfigurations = (
				BD15514830761D73004D0C6D /* Debug */,
				BD15514930761D73004D0C6D /* Release */,
			);
			defaultConfigurationIsVisible = 0;
			defaultConfigurationName = Release;
		};
		BD15516530762474004D0C6D /* Build configuration list for PBXNativeTarget "PitStopNotification" */ = {
			isa = XCConfigurationList;
			buildConfigurations = (
				BD15516630762474004D0C6D /* Debug */,
				BD15516730762474004D0C6D /* Release */,
			);
			defaultConfigurationIsVisible = 0;
			defaultConfigurationName = Release;
		};
/* End XCConfigurationList section */

/* Begin XCVersionGroup section */
		BD15512B3075FDB5004D0C6D /* PitStopModel.xcdatamodeld */ = {
			isa = XCVersionGroup;
			children = (
				BD15512C3075FDB5004D0C6D /* PitStopModel.xcdatamodel */,
			);
			currentVersion = BD15512C3075FDB5004D0C6D /* PitStopModel.xcdatamodel */;
			path = PitStopModel.xcdatamodeld;
			sourceTree = "<group>";
			versionGroupType = wrapper.xcdatamodel;
		};
/* End XCVersionGroup section */
	};
	rootObject = BD0FCCD9306F3A110046CFBB /* Project object */;
}
